<Solution>
  <Folder Name="/src/">
    <Project Path="src/AtolOnlineNet/AtolOnlineNet.csproj" />
  </Folder>
  <Folder Name="/tests/">
    <Project Path="tests/AtolOnlineNet.Tests/AtolOnlineNet.Tests.csproj" />
    <Project Path="tests/AtolOnlineNet.Tests.Integration/AtolOnlineNet.Tests.Integration.csproj" />
  </Folder>
</Solution>
